
Microsoft Visual Studio Solution File, Format Version 12.00
# Visual Studio Version 17
VisualStudioVersion = 17.12.35514.174
MinimumVisualStudioVersion = 10.0.40219.1
Project("{FAE04EC0-301F-11D3-BF4B-00C04F79EFBC}") = "MAIN_UI", "MAIN_UI\MAIN_UI.csproj", "{8CD08B13-FACB-42BC-B34B-E9AAF6587740}"
EndProject
Project("{FAE04EC0-301F-11D3-BF4B-00C04F79EFBC}") = "QLDKhoa-CNTT.DAL", "QLDKhoa-CNTT-Repository\QLDKhoa-CNTT.DAL.csproj", "{549B8965-3103-4AB6-9540-F86FA3DF3E05}"
EndProject
Project("{FAE04EC0-301F-11D3-BF4B-00C04F79EFBC}") = "QLDKhoa-CNTT.BLL", "QLDKhoa-CNTT-Service\QLDKhoa-CNTT.BLL.csproj", "{D58120D9-C570-4298-A9AA-2EF125319359}"
EndProject
Global
	GlobalSection(SolutionConfigurationPlatforms) = preSolution
		Debug|Any CPU = Debug|Any CPU
		Release|Any CPU = Release|Any CPU
	EndGlobalSection
	GlobalSection(ProjectConfigurationPlatforms) = postSolution
		{8CD08B13-FACB-42BC-B34B-E9AAF6587740}.Debug|Any CPU.ActiveCfg = Debug|Any CPU
		{8CD08B13-FACB-42BC-B34B-E9AAF6587740}.Debug|Any CPU.Build.0 = Debug|Any CPU
		{8CD08B13-FACB-42BC-B34B-E9AAF6587740}.Release|Any CPU.ActiveCfg = Release|Any CPU
		{8CD08B13-FACB-42BC-B34B-E9AAF6587740}.Release|Any CPU.Build.0 = Release|Any CPU
		{549B8965-3103-4AB6-9540-F86FA3DF3E05}.Debug|Any CPU.ActiveCfg = Debug|Any CPU
		{549B8965-3103-4AB6-9540-F86FA3DF3E05}.Debug|Any CPU.Build.0 = Debug|Any CPU
		{549B8965-3103-4AB6-9540-F86FA3DF3E05}.Release|Any CPU.ActiveCfg = Release|Any CPU
		{549B8965-3103-4AB6-9540-F86FA3DF3E05}.Release|Any CPU.Build.0 = Release|Any CPU
		{D58120D9-C570-4298-A9AA-2EF125319359}.Debug|Any CPU.ActiveCfg = Debug|Any CPU
		{D58120D9-C570-4298-A9AA-2EF125319359}.Debug|Any CPU.Build.0 = Debug|Any CPU
		{D58120D9-C570-4298-A9AA-2EF125319359}.Release|Any CPU.ActiveCfg = Release|Any CPU
		{D58120D9-C570-4298-A9AA-2EF125319359}.Release|Any CPU.Build.0 = Release|Any CPU
	EndGlobalSection
	GlobalSection(SolutionProperties) = preSolution
		HideSolutionNode = FALSE
	EndGlobalSection
EndGlobal
